
Microsoft Visual Studio Solution File, Format Version 12.00
# Visual Studio 15
VisualStudioVersion = 15.0.26730.12
MinimumVisualStudioVersion = 10.0.40219.1
Project("{9A19103F-16F7-4668-BE54-9A1E7A4F7556}") = "EventFlow.Documentation", "Source\EventFlow.Documentation\EventFlow.Documentation.csproj", "{C32BA32F-CC4E-4E2B-9575-EA68D23B4301}"
EndProject
Global
	GlobalSection(SolutionConfigurationPlatforms) = preSolution
		Debug|Any CPU = Debug|Any CPU
		Release|Any CPU = Release|Any CPU
	EndGlobalSection
	GlobalSection(ProjectConfigurationPlatforms) = postSolution
		{C32BA32F-CC4E-4E2B-9575-EA68D23B4301}.Debug|Any CPU.ActiveCfg = Debug|Any CPU
		{C32BA32F-CC4E-4E2B-9575-EA68D23B4301}.Debug|Any CPU.Build.0 = Debug|Any CPU
		{C32BA32F-CC4E-4E2B-9575-EA68D23B4301}.Release|Any CPU.ActiveCfg = Release|Any CPU
		{C32BA32F-CC4E-4E2B-9575-EA68D23B4301}.Release|Any CPU.Build.0 = Release|Any CPU
	EndGlobalSection
	GlobalSection(SolutionProperties) = preSolution
		HideSolutionNode = FALSE
	EndGlobalSection
	GlobalSection(ExtensibilityGlobals) = postSolution
		SolutionGuid = {9F0554AE-66E5-4481-8FF0-79949D5BF735}
	EndGlobalSection
EndGlobal
